
Microsoft Visual Studio Solution File, Format Version 12.00
# Visual Studio Version 17
VisualStudioVersion = 17.4.33213.308
MinimumVisualStudioVersion = 10.0.40219.1
Project("{FAE04EC0-301F-11D3-BF4B-00C04F79EFBC}") = "QuizApplication", "QuizApplication\QuizApplication.csproj", "{D876FCE2-3E87-4BE5-8F3D-90F59E045367}"
EndProject
Global
	GlobalSection(SolutionConfigurationPlatforms) = preSolution
		Debug|Any CPU = Debug|Any CPU
		Release|Any CPU = Release|Any CPU
	EndGlobalSection
	GlobalSection(ProjectConfigurationPlatforms) = postSolution
		{D876FCE2-3E87-4BE5-8F3D-90F59E045367}.Debug|Any CPU.ActiveCfg = Debug|Any CPU
		{D876FCE2-3E87-4BE5-8F3D-90F59E045367}.Debug|Any CPU.Build.0 = Debug|Any CPU
		{D876FCE2-3E87-4BE5-8F3D-90F59E045367}.Release|Any CPU.ActiveCfg = Release|Any CPU
		{D876FCE2-3E87-4BE5-8F3D-90F59E045367}.Release|Any CPU.Build.0 = Release|Any CPU
	EndGlobalSection
	GlobalSection(SolutionProperties) = preSolution
		HideSolutionNode = FALSE
	EndGlobalSection
	GlobalSection(ExtensibilityGlobals) = postSolution
		SolutionGuid = {4D2C0DF8-8855-4E19-BB96-7C2062F6CF5F}
	EndGlobalSection
EndGlobal
